{
  "version": "5",
  "specifiers": {
    "jsr:@std/assert@1": "1.0.16",
    "jsr:@std/internal@^1.0.12": "1.0.12",
    "npm:heap@*": "0.2.7"
  },
  "jsr": {
    "@std/assert@1.0.16": {
      "integrity": "6a7272ed1eaa77defe76e5ff63ca705d9c495077e2d5fd0126d2b53fc5bd6532",
      "dependencies": [
        "jsr:@std/internal"
      ]
    },
    "@std/internal@1.0.12": {
      "integrity": "972a634fd5bc34b242024402972cd5143eac68d8dffaca5eaa4dba30ce17b027"
    }
  },
  "npm": {
    "heap@0.2.7": {
      "integrity": "sha512-2bsegYkkHO+h/9MGbn6KWcE45cHZgPANo5LXF7EvWdT0yT2EguSVO1nDgU5c8+ZOPwp2vMNa7YFsJhVcDR9Sdg=="
    }
  },
  "remote": {
    "https://raw.githubusercontent.com/udibo/collections/0.12.1/binary_heap.ts": "eff2e3379e942c1dcb8f231f97e0631404090364b58e3f998b26bfddb15bf287",
    "https://raw.githubusercontent.com/udibo/collections/0.12.1/common.ts": "599e204a14953ea70f45393297a8b9c2f2ae19965499af88a60807cec3d5a599",
    "https://raw.githubusercontent.com/udibo/collections/0.12.1/comparators.ts": "bf94763e6e4f77e8dff509975eceeb7af4cbbe1cbc52df02d344bf3222fd46be",
    "https://raw.githubusercontent.com/udibo/collections/0.12.1/mod.ts": "4726947125621ebc1c6afb5a343e8e1c4cb51456c6958816cc2bb38b7328b585",
    "https://raw.githubusercontent.com/udibo/collections/0.12.1/trees/bs_node.ts": "2b3f8bab9a2a17fbae7c1916af34c737ec7db511aa71cd21f4f34004df12f308",
    "https://raw.githubusercontent.com/udibo/collections/0.12.1/trees/bs_tree.ts": "61d12f0de5b2eee1f49894d2d4264eb90b5f231362955ce6ac03b7fb39351f26",
    "https://raw.githubusercontent.com/udibo/collections/0.12.1/trees/rb_node.ts": "6ec3da138add03929317a90a9fe515060947d863355a711a4902ecc9b95e4e66",
    "https://raw.githubusercontent.com/udibo/collections/0.12.1/trees/rb_tree.ts": "8610983e40f7cca1ff5997292976b87987cb7c2b0fc12354622d7b275c1da243",
    "https://raw.githubusercontent.com/udibo/collections/0.12.1/vector.ts": "98ead8c7d53e4c37be5591d8f3389af013b4bfc00ea5f530498af90c52be2b40"
  },
  "workspace": {
    "dependencies": [
      "jsr:@std/assert@1"
    ]
  }
}
